// !$*UTF8*$!
{
	archiveVersion = 1;
	classes = {
	};
	objectVersion = 55;
	objects = {

/* Begin PBXCopyFilesBuildPhase section */
		03AEC914271AA66A00A8C051 /* CopyFiles */ = {
			isa = PBXCopyFilesBuildPhase;
			buildActionMask = 2147483647;
			dstPath = /usr/share/man/man1/;
			dstSubfolderSpec = 0;
			files = (
			);
			runOnlyForDeploymentPostprocessing = 1;
		};
/* End PBXCopyFilesBuildPhase section */

/* Begin PBXFileReference section */
		039492A72750AE87005630A8 /* 1546.swift */ = {isa = PBXFileReference; lastKnownFileType = sourcecode.swift; name = 1546.swift; path = BOJ/class1/1546.swift; sourceTree = SOURCE_ROOT; };
		039492A92750C264005630A8 /* 1010.swift */ = {isa = PBXFileReference; lastKnownFileType = sourcecode.swift; name = 1010.swift; path = BOJ/class1/1010.swift; sourceTree = SOURCE_ROOT; };
		039492AB27523826005630A8 /* 1110.swift */ = {isa = PBXFileReference; lastKnownFileType = sourcecode.swift; name = 1110.swift; path = BOJ/class1/1110.swift; sourceTree = SOURCE_ROOT; };
		039492AD275271DC005630A8 /* 1037.swift */ = {isa = PBXFileReference; lastKnownFileType = sourcecode.swift; name = 1037.swift; path = BOJ/class1/1037.swift; sourceTree = SOURCE_ROOT; };
		039492AF275274A0005630A8 /* 2438.swift */ = {isa = PBXFileReference; lastKnownFileType = sourcecode.swift; name = 2438.swift; path = BOJ/class1/2438.swift; sourceTree = SOURCE_ROOT; };
		039492B127527759005630A8 /* 2562.swift */ = {isa = PBXFileReference; lastKnownFileType = sourcecode.swift; name = 2562.swift; path = BOJ/class1/2562.swift; sourceTree = SOURCE_ROOT; };
		039492B327527953005630A8 /* 2739.swift */ = {isa = PBXFileReference; lastKnownFileType = sourcecode.swift; name = 2739.swift; path = BOJ/class1/2739.swift; sourceTree = SOURCE_ROOT; };
		039492B527527B42005630A8 /* 10952.swift */ = {isa = PBXFileReference; lastKnownFileType = sourcecode.swift; name = 10952.swift; path = BOJ/class1/10952.swift; sourceTree = SOURCE_ROOT; };
		039492B727527CDD005630A8 /* 10951.swift */ = {isa = PBXFileReference; lastKnownFileType = sourcecode.swift; name = 10951.swift; path = BOJ/class1/10951.swift; sourceTree = SOURCE_ROOT; };
		039492B927528571005630A8 /* 10950.swift */ = {isa = PBXFileReference; lastKnownFileType = sourcecode.swift; name = 10950.swift; path = BOJ/class1/10950.swift; sourceTree = SOURCE_ROOT; };
		039492BB27528AB0005630A8 /* 10869.swift */ = {isa = PBXFileReference; lastKnownFileType = sourcecode.swift; name = 10869.swift; path = BOJ/class1/10869.swift; sourceTree = SOURCE_ROOT; };
		039492BD27528BB9005630A8 /* 8958.swift */ = {isa = PBXFileReference; lastKnownFileType = sourcecode.swift; name = 8958.swift; path = BOJ/class1/8958.swift; sourceTree = SOURCE_ROOT; };
		039492BF27529220005630A8 /* 2920.swift */ = {isa = PBXFileReference; lastKnownFileType = sourcecode.swift; name = 2920.swift; path = BOJ/class1/2920.swift; sourceTree = SOURCE_ROOT; };
		039492C127529A39005630A8 /* 2439.swift */ = {isa = PBXFileReference; lastKnownFileType = sourcecode.swift; name = 2439.swift; path = BOJ/class1/2439.swift; sourceTree = SOURCE_ROOT; };
		039492C327529D36005630A8 /* 10871.swift */ = {isa = PBXFileReference; lastKnownFileType = sourcecode.swift; name = 10871.swift; path = BOJ/class1/10871.swift; sourceTree = SOURCE_ROOT; };
		039492C52753CEBE005630A8 /* 3052.swift */ = {isa = PBXFileReference; lastKnownFileType = sourcecode.swift; name = 3052.swift; path = BOJ/class1/3052.swift; sourceTree = SOURCE_ROOT; };
		039492C72753D003005630A8 /* 2884.swift */ = {isa = PBXFileReference; lastKnownFileType = sourcecode.swift; name = 2884.swift; path = BOJ/class1/2884.swift; sourceTree = SOURCE_ROOT; };
		039492C92753D35C005630A8 /* 2577.swift */ = {isa = PBXFileReference; lastKnownFileType = sourcecode.swift; name = 2577.swift; path = BOJ/class1/2577.swift; sourceTree = SOURCE_ROOT; };
		039492CB2753D8A7005630A8 /* 1085.swift */ = {isa = PBXFileReference; lastKnownFileType = sourcecode.swift; name = 1085.swift; path = BOJ/class2/1085.swift; sourceTree = SOURCE_ROOT; };
		039492CE27546329005630A8 /* 1181.swift */ = {isa = PBXFileReference; lastKnownFileType = sourcecode.swift; name = 1181.swift; path = BOJ/class2/1181.swift; sourceTree = SOURCE_ROOT; };
		039492D027550B18005630A8 /* 1436.swift */ = {isa = PBXFileReference; lastKnownFileType = sourcecode.swift; name = 1436.swift; path = BOJ/class2/1436.swift; sourceTree = SOURCE_ROOT; };
		039492D327566C6C005630A8 /* 1259.swift */ = {isa = PBXFileReference; lastKnownFileType = sourcecode.swift; name = 1259.swift; path = BOJ/class2/1259.swift; sourceTree = SOURCE_ROOT; };
		039492D52756FC52005630A8 /* 2609.swift */ = {isa = PBXFileReference; lastKnownFileType = sourcecode.swift; name = 2609.swift; path = BOJ/class2/2609.swift; sourceTree = SOURCE_ROOT; };
		039492D727570257005630A8 /* 1920.swift */ = {isa = PBXFileReference; lastKnownFileType = sourcecode.swift; name = 1920.swift; path = BOJ/class2/1920.swift; sourceTree = SOURCE_ROOT; };
		039492D92757A4B8005630A8 /* 2751.swift */ = {isa = PBXFileReference; lastKnownFileType = sourcecode.swift; name = 2751.swift; path = BOJ/class2/2751.swift; sourceTree = SOURCE_ROOT; };
		039492DB2757A6A6005630A8 /* 11650.swift */ = {isa = PBXFileReference; lastKnownFileType = sourcecode.swift; name = 11650.swift; path = BOJ/class2/11650.swift; sourceTree = SOURCE_ROOT; };
		039492DD2757B0E6005630A8 /* 1654.swift */ = {isa = PBXFileReference; lastKnownFileType = sourcecode.swift; name = 1654.swift; path = BOJ/class2/1654.swift; sourceTree = SOURCE_ROOT; };
		039492DF275CF900005630A8 /* 10989.swift */ = {isa = PBXFileReference; lastKnownFileType = sourcecode.swift; name = 10989.swift; path = BOJ/class2/10989.swift; sourceTree = SOURCE_ROOT; };
		03AEC916271AA66A00A8C051 /* Algorithm */ = {isa = PBXFileReference; explicitFileType = "compiled.mach-o.executable"; includeInIndex = 0; path = Algorithm; sourceTree = BUILT_PRODUCTS_DIR; };
		03AEC926271AA82E00A8C051 /* binary_search1.swift */ = {isa = PBXFileReference; lastKnownFileType = sourcecode.swift; name = binary_search1.swift; path = ../binary_search1.swift; sourceTree = "<group>"; };
		03AEC92827215BB900A8C051 /* hash1.swift */ = {isa = PBXFileReference; lastKnownFileType = sourcecode.swift; name = hash1.swift; path = Algorithm/Programmers/hash1.swift; sourceTree = SOURCE_ROOT; };
		03CDED352742010700F9BD1D /* 2019_kakao_blind_openchatting.swift */ = {isa = PBXFileReference; lastKnownFileType = sourcecode.swift; name = 2019_kakao_blind_openchatting.swift; path = Programmers/2019_kakao_blind_openchatting.swift; sourceTree = SOURCE_ROOT; };
		03F6464B27290F7A004FAFB7 /* sort2.swift */ = {isa = PBXFileReference; lastKnownFileType = sourcecode.swift; path = sort2.swift; sourceTree = "<group>"; };
		03F6464E272A94E2004FAFB7 /* 2020_kakao_blind_string_compress.swift */ = {isa = PBXFileReference; lastKnownFileType = sourcecode.swift; name = 2020_kakao_blind_string_compress.swift; path = ../../Programmers/2020_kakao_blind_string_compress.swift; sourceTree = "<group>"; };
		03FDF9F8274F1AC500ACD257 /* 1075.swift */ = {isa = PBXFileReference; lastKnownFileType = sourcecode.swift; name = 1075.swift; path = BOJ/class1/1075.swift; sourceTree = SOURCE_ROOT; };
/* End PBXFileReference section */

/* Begin PBXFrameworksBuildPhase section */
		03AEC913271AA66A00A8C051 /* Frameworks */ = {
			isa = PBXFrameworksBuildPhase;
			buildActionMask = 2147483647;
			files = (
			);
			runOnlyForDeploymentPostprocessing = 0;
		};
/* End PBXFrameworksBuildPhase section */

/* Begin PBXGroup section */
		039492CD2753DA36005630A8 /* class1 */ = {
			isa = PBXGroup;
			children = (
				03FDF9F8274F1AC500ACD257 /* 1075.swift */,
				039492A72750AE87005630A8 /* 1546.swift */,
				039492A92750C264005630A8 /* 1010.swift */,
				039492AB27523826005630A8 /* 1110.swift */,
				039492AD275271DC005630A8 /* 1037.swift */,
				039492AF275274A0005630A8 /* 2438.swift */,
				039492B127527759005630A8 /* 2562.swift */,
				039492B327527953005630A8 /* 2739.swift */,
				039492B527527B42005630A8 /* 10952.swift */,
				039492B727527CDD005630A8 /* 10951.swift */,
				039492B927528571005630A8 /* 10950.swift */,
				039492BB27528AB0005630A8 /* 10869.swift */,
				039492BD27528BB9005630A8 /* 8958.swift */,
				039492BF27529220005630A8 /* 2920.swift */,
				039492C127529A39005630A8 /* 2439.swift */,
				039492C327529D36005630A8 /* 10871.swift */,
				039492C52753CEBE005630A8 /* 3052.swift */,
				039492C72753D003005630A8 /* 2884.swift */,
				039492C92753D35C005630A8 /* 2577.swift */,
			);
			path = class1;
			sourceTree = "<group>";
		};
		039492D227550B1D005630A8 /* class2 */ = {
			isa = PBXGroup;
			children = (
				039492DF275CF900005630A8 /* 10989.swift */,
				039492DD2757B0E6005630A8 /* 1654.swift */,
				039492DB2757A6A6005630A8 /* 11650.swift */,
				039492D92757A4B8005630A8 /* 2751.swift */,
				039492D727570257005630A8 /* 1920.swift */,
				039492D52756FC52005630A8 /* 2609.swift */,
				039492D327566C6C005630A8 /* 1259.swift */,
				039492D027550B18005630A8 /* 1436.swift */,
				039492CB2753D8A7005630A8 /* 1085.swift */,
				039492CE27546329005630A8 /* 1181.swift */,
			);
			path = class2;
			sourceTree = "<group>";
		};
		03AEC90D271AA66A00A8C051 = {
			isa = PBXGroup;
			children = (
				03AEC918271AA66A00A8C051 /* Algorithm */,
				03AEC917271AA66A00A8C051 /* Products */,
			);
			sourceTree = "<group>";
		};
		03AEC917271AA66A00A8C051 /* Products */ = {
			isa = PBXGroup;
			children = (
				03AEC916271AA66A00A8C051 /* Algorithm */,
			);
			name = Products;
			sourceTree = "<group>";
		};
		03AEC918271AA66A00A8C051 /* Algorithm */ = {
			isa = PBXGroup;
			children = (
				03AEC921271AA68900A8C051 /* Programmers */,
				03AEC920271AA68200A8C051 /* BOJ */,
			);
			path = Algorithm;
			sourceTree = "<group>";
		};
		03AEC920271AA68200A8C051 /* BOJ */ = {
			isa = PBXGroup;
			children = (
				039492CD2753DA36005630A8 /* class1 */,
				039492D227550B1D005630A8 /* class2 */,
			);
			path = BOJ;
			sourceTree = "<group>";
		};
		03AEC921271AA68900A8C051 /* Programmers */ = {
			isa = PBXGroup;
			children = (
				03F6464E272A94E2004FAFB7 /* 2020_kakao_blind_string_compress.swift */,
				03F6464B27290F7A004FAFB7 /* sort2.swift */,
				03AEC92827215BB900A8C051 /* hash1.swift */,
				03AEC926271AA82E00A8C051 /* binary_search1.swift */,
				03CDED352742010700F9BD1D /* 2019_kakao_blind_openchatting.swift */,
			);
			path = Programmers;
			sourceTree = "<group>";
		};
/* End PBXGroup section */

/* Begin PBXNativeTarget section */
		03AEC915271AA66A00A8C051 /* Algorithm */ = {
			isa = PBXNativeTarget;
			buildConfigurationList = 03AEC91D271AA66A00A8C051 /* Build configuration list for PBXNativeTarget "Algorithm" */;
			buildPhases = (
				03AEC912271AA66A00A8C051 /* Sources */,
				03AEC913271AA66A00A8C051 /* Frameworks */,
				03AEC914271AA66A00A8C051 /* CopyFiles */,
			);
			buildRules = (
			);
			dependencies = (
			);
			name = Algorithm;
			productName = Algorithm;
			productReference = 03AEC916271AA66A00A8C051 /* Algorithm */;
			productType = "com.apple.product-type.tool";
		};
/* End PBXNativeTarget section */

/* Begin PBXProject section */
		03AEC90E271AA66A00A8C051 /* Project object */ = {
			isa = PBXProject;
			attributes = {
				BuildIndependentTargetsInParallel = 1;
				LastSwiftUpdateCheck = 1300;
				LastUpgradeCheck = 1300;
				TargetAttributes = {
					03AEC915271AA66A00A8C051 = {
						CreatedOnToolsVersion = 13.0;
						LastSwiftMigration = 1300;
					};
				};
			};
			buildConfigurationList = 03AEC911271AA66A00A8C051 /* Build configuration list for PBXProject "Algorithm" */;
			compatibilityVersion = "Xcode 13.0";
			developmentRegion = en;
			hasScannedForEncodings = 0;
			knownRegions = (
				en,
				Base,
			);
			mainGroup = 03AEC90D271AA66A00A8C051;
			productRefGroup = 03AEC917271AA66A00A8C051 /* Products */;
			projectDirPath = "";
			projectRoot = "";
			targets = (
				03AEC915271AA66A00A8C051 /* Algorithm */,
			);
		};
/* End PBXProject section */

/* Begin PBXSourcesBuildPhase section */
		03AEC912271AA66A00A8C051 /* Sources */ = {
			isa = PBXSourcesBuildPhase;
			buildActionMask = 2147483647;
			files = (
			);
			runOnlyForDeploymentPostprocessing = 0;
		};
/* End PBXSourcesBuildPhase section */

/* Begin XCBuildConfiguration section */
		03AEC91B271AA66A00A8C051 /* Debug */ = {
			isa = XCBuildConfiguration;
			buildSettings = {
				ALWAYS_SEARCH_USER_PATHS = NO;
				CLANG_ANALYZER_NONNULL = YES;
				CLANG_ANALYZER_NUMBER_OBJECT_CONVERSION = YES_AGGRESSIVE;
				CLANG_CXX_LANGUAGE_STANDARD = "gnu++17";
				CLANG_CXX_LIBRARY = "libc++";
				CLANG_ENABLE_MODULES = YES;
				CLANG_ENABLE_OBJC_ARC = YES;
				CLANG_ENABLE_OBJC_WEAK = YES;
				CLANG_WARN_BLOCK_CAPTURE_AUTORELEASING = YES;
				CLANG_WARN_BOOL_CONVERSION = YES;
				CLANG_WARN_COMMA = YES;
				CLANG_WARN_CONSTANT_CONVERSION = YES;
				CLANG_WARN_DEPRECATED_OBJC_IMPLEMENTATIONS = YES;
				CLANG_WARN_DIRECT_OBJC_ISA_USAGE = YES_ERROR;
				CLANG_WARN_DOCUMENTATION_COMMENTS = YES;
				CLANG_WARN_EMPTY_BODY = YES;
				CLANG_WARN_ENUM_CONVERSION = YES;
				CLANG_WARN_INFINITE_RECURSION = YES;
				CLANG_WARN_INT_CONVERSION = YES;
				CLANG_WARN_NON_LITERAL_NULL_CONVERSION = YES;
				CLANG_WARN_OBJC_IMPLICIT_RETAIN_SELF = YES;
				CLANG_WARN_OBJC_LITERAL_CONVERSION = YES;
				CLANG_WARN_OBJC_ROOT_CLASS = YES_ERROR;
				CLANG_WARN_QUOTED_INCLUDE_IN_FRAMEWORK_HEADER = YES;
				CLANG_WARN_RANGE_LOOP_ANALYSIS = YES;
				CLANG_WARN_STRICT_PROTOTYPES = YES;
				CLANG_WARN_SUSPICIOUS_MOVE = YES;
				CLANG_WARN_UNGUARDED_AVAILABILITY = YES_AGGRESSIVE;
				CLANG_WARN_UNREACHABLE_CODE = YES;
				CLANG_WARN__DUPLICATE_METHOD_MATCH = YES;
				COPY_PHASE_STRIP = NO;
				DEBUG_INFORMATION_FORMAT = dwarf;
				ENABLE_STRICT_OBJC_MSGSEND = YES;
				ENABLE_TESTABILITY = YES;
				GCC_C_LANGUAGE_STANDARD = gnu11;
				GCC_DYNAMIC_NO_PIC = NO;
				GCC_NO_COMMON_BLOCKS = YES;
				GCC_OPTIMIZATION_LEVEL = 0;
				GCC_PREPROCESSOR_DEFINITIONS = (
					"DEBUG=1",
					"$(inherited)",
				);
				GCC_WARN_64_TO_32_BIT_CONVERSION = YES;
				GCC_WARN_ABOUT_RETURN_TYPE = YES_ERROR;
				GCC_WARN_UNDECLARED_SELECTOR = YES;
				GCC_WARN_UNINITIALIZED_AUTOS = YES_AGGRESSIVE;
				GCC_WARN_UNUSED_FUNCTION = YES;
				GCC_WARN_UNUSED_VARIABLE = YES;
				MACOSX_DEPLOYMENT_TARGET = 11.3;
				MTL_ENABLE_DEBUG_INFO = INCLUDE_SOURCE;
				MTL_FAST_MATH = YES;
				ONLY_ACTIVE_ARCH = YES;
				SDKROOT = macosx;
				SWIFT_ACTIVE_COMPILATION_CONDITIONS = DEBUG;
				SWIFT_OPTIMIZATION_LEVEL = "-Onone";
			};
			name = Debug;
		};
		03AEC91C271AA66A00A8C051 /* Release */ = {
			isa = XCBuildConfiguration;
			buildSettings = {
				ALWAYS_SEARCH_USER_PATHS = NO;
				CLANG_ANALYZER_NONNULL = YES;
				CLANG_ANALYZER_NUMBER_OBJECT_CONVERSION = YES_AGGRESSIVE;
				CLANG_CXX_LANGUAGE_STANDARD = "gnu++17";
				CLANG_CXX_LIBRARY = "libc++";
				CLANG_ENABLE_MODULES = YES;
				CLANG_ENABLE_OBJC_ARC = YES;
				CLANG_ENABLE_OBJC_WEAK = YES;
				CLANG_WARN_BLOCK_CAPTURE_AUTORELEASING = YES;
				CLANG_WARN_BOOL_CONVERSION = YES;
				CLANG_WARN_COMMA = YES;
				CLANG_WARN_CONSTANT_CONVERSION = YES;
				CLANG_WARN_DEPRECATED_OBJC_IMPLEMENTATIONS = YES;
				CLANG_WARN_DIRECT_OBJC_ISA_USAGE = YES_ERROR;
				CLANG_WARN_DOCUMENTATION_COMMENTS = YES;
				CLANG_WARN_EMPTY_BODY = YES;
				CLANG_WARN_ENUM_CONVERSION = YES;
				CLANG_WARN_INFINITE_RECURSION = YES;
				CLANG_WARN_INT_CONVERSION = YES;
				CLANG_WARN_NON_LITERAL_NULL_CONVERSION = YES;
				CLANG_WARN_OBJC_IMPLICIT_RETAIN_SELF = YES;
				CLANG_WARN_OBJC_LITERAL_CONVERSION = YES;
				CLANG_WARN_OBJC_ROOT_CLASS = YES_ERROR;
				CLANG_WARN_QUOTED_INCLUDE_IN_FRAMEWORK_HEADER = YES;
				CLANG_WARN_RANGE_LOOP_ANALYSIS = YES;
				CLANG_WARN_STRICT_PROTOTYPES = YES;
				CLANG_WARN_SUSPICIOUS_MOVE = YES;
				CLANG_WARN_UNGUARDED_AVAILABILITY = YES_AGGRESSIVE;
				CLANG_WARN_UNREACHABLE_CODE = YES;
				CLANG_WARN__DUPLICATE_METHOD_MATCH = YES;
				COPY_PHASE_STRIP = NO;
				DEBUG_INFORMATION_FORMAT = "dwarf-with-dsym";
				ENABLE_NS_ASSERTIONS = NO;
				ENABLE_STRICT_OBJC_MSGSEND = YES;
				GCC_C_LANGUAGE_STANDARD = gnu11;
				GCC_NO_COMMON_BLOCKS = YES;
				GCC_WARN_64_TO_32_BIT_CONVERSION = YES;
				GCC_WARN_ABOUT_RETURN_TYPE = YES_ERROR;
				GCC_WARN_UNDECLARED_SELECTOR = YES;
				GCC_WARN_UNINITIALIZED_AUTOS = YES_AGGRESSIVE;
				GCC_WARN_UNUSED_FUNCTION = YES;
				GCC_WARN_UNUSED_VARIABLE = YES;
				MACOSX_DEPLOYMENT_TARGET = 11.3;
				MTL_ENABLE_DEBUG_INFO = NO;
				MTL_FAST_MATH = YES;
				SDKROOT = macosx;
				SWIFT_COMPILATION_MODE = wholemodule;
				SWIFT_OPTIMIZATION_LEVEL = "-O";
			};
			name = Release;
		};
		03AEC91E271AA66A00A8C051 /* Debug */ = {
			isa = XCBuildConfiguration;
			buildSettings = {
				CLANG_ENABLE_MODULES = YES;
				CODE_SIGN_STYLE = Automatic;
				DEVELOPMENT_TEAM = F2YB4PBTB4;
				ENABLE_HARDENED_RUNTIME = YES;
				LD_RUNPATH_SEARCH_PATHS = (
					"$(inherited)",
					"@executable_path/../Frameworks",
					"@loader_path/../Frameworks",
				);
				PRODUCT_NAME = "$(TARGET_NAME)";
				SWIFT_OBJC_BRIDGING_HEADER = "Algorithm-Bridging-Header.h";
				SWIFT_OPTIMIZATION_LEVEL = "-Onone";
				SWIFT_VERSION = 5.0;
			};
			name = Debug;
		};
		03AEC91F271AA66A00A8C051 /* Release */ = {
			isa = XCBuildConfiguration;
			buildSettings = {
				CLANG_ENABLE_MODULES = YES;
				CODE_SIGN_STYLE = Automatic;
				DEVELOPMENT_TEAM = F2YB4PBTB4;
				ENABLE_HARDENED_RUNTIME = YES;
				LD_RUNPATH_SEARCH_PATHS = (
					"$(inherited)",
					"@executable_path/../Frameworks",
					"@loader_path/../Frameworks",
				);
				PRODUCT_NAME = "$(TARGET_NAME)";
				SWIFT_OBJC_BRIDGING_HEADER = "Algorithm-Bridging-Header.h";
				SWIFT_VERSION = 5.0;
			};
			name = Release;
		};
/* End XCBuildConfiguration section */

/* Begin XCConfigurationList section */
		03AEC911271AA66A00A8C051 /* Build configuration list for PBXProject "Algorithm" */ = {
			isa = XCConfigurationList;
			buildConfigurations = (
				03AEC91B271AA66A00A8C051 /* Debug */,
				03AEC91C271AA66A00A8C051 /* Release */,
			);
			defaultConfigurationIsVisible = 0;
			defaultConfigurationName = Release;
		};
		03AEC91D271AA66A00A8C051 /* Build configuration list for PBXNativeTarget "Algorithm" */ = {
			isa = XCConfigurationList;
			buildConfigurations = (
				03AEC91E271AA66A00A8C051 /* Debug */,
				03AEC91F271AA66A00A8C051 /* Release */,
			);
			defaultConfigurationIsVisible = 0;
			defaultConfigurationName = Release;
		};
/* End XCConfigurationList section */
	};
	rootObject = 03AEC90E271AA66A00A8C051 /* Project object */;
}
